
Microsoft Visual Studio Solution File, Format Version 11.00
# Visual Studio 2010
Project("{FAE04EC0-301F-11D3-BF4B-00C04F79EFBC}") = "Horror_game", "Assembly-CSharp-firstpass.csproj", "{CD3BFBED-6485-A3AA-412F-23C374B26CE2}"
EndProject
Project("{FAE04EC0-301F-11D3-BF4B-00C04F79EFBC}") = "Horror_game", "Assembly-CSharp.csproj", "{68B2FD46-42C5-E68A-5E38-73113AF509D3}"
EndProject
Project("{FAE04EC0-301F-11D3-BF4B-00C04F79EFBC}") = "Horror_game", "Assembly-CSharp-Editor-firstpass.csproj", "{FD803172-0E5B-6D13-16D3-0C33F2A83A50}"
EndProject
Global
	GlobalSection(SolutionConfigurationPlatforms) = preSolution
		Debug|Any CPU = Debug|Any CPU
		Release|Any CPU = Release|Any CPU
	EndGlobalSection
	GlobalSection(ProjectConfigurationPlatforms) = postSolution
		{CD3BFBED-6485-A3AA-412F-23C374B26CE2}.Debug|Any CPU.ActiveCfg = Debug|Any CPU
		{CD3BFBED-6485-A3AA-412F-23C374B26CE2}.Debug|Any CPU.Build.0 = Debug|Any CPU
		{CD3BFBED-6485-A3AA-412F-23C374B26CE2}.Release|Any CPU.ActiveCfg = Release|Any CPU
		{CD3BFBED-6485-A3AA-412F-23C374B26CE2}.Release|Any CPU.Build.0 = Release|Any CPU
		{68B2FD46-42C5-E68A-5E38-73113AF509D3}.Debug|Any CPU.ActiveCfg = Debug|Any CPU
		{68B2FD46-42C5-E68A-5E38-73113AF509D3}.Debug|Any CPU.Build.0 = Debug|Any CPU
		{68B2FD46-42C5-E68A-5E38-73113AF509D3}.Release|Any CPU.ActiveCfg = Release|Any CPU
		{68B2FD46-42C5-E68A-5E38-73113AF509D3}.Release|Any CPU.Build.0 = Release|Any CPU
		{FD803172-0E5B-6D13-16D3-0C33F2A83A50}.Debug|Any CPU.ActiveCfg = Debug|Any CPU
		{FD803172-0E5B-6D13-16D3-0C33F2A83A50}.Debug|Any CPU.Build.0 = Debug|Any CPU
		{FD803172-0E5B-6D13-16D3-0C33F2A83A50}.Release|Any CPU.ActiveCfg = Release|Any CPU
		{FD803172-0E5B-6D13-16D3-0C33F2A83A50}.Release|Any CPU.Build.0 = Release|Any CPU
	EndGlobalSection
	GlobalSection(SolutionProperties) = preSolution
		HideSolutionNode = FALSE
	EndGlobalSection
	GlobalSection(MonoDevelopProperties) = preSolution
		StartupItem = Assembly-CSharp.csproj
	EndGlobalSection
EndGlobal
